
Microsoft Visual Studio Solution File, Format Version 12.00
# Visual Studio Version 17
VisualStudioVersion = 17.8.34316.72
MinimumVisualStudioVersion = 10.0.40219.1
Project("{FAE04EC0-301F-11D3-BF4B-00C04F79EFBC}") = "Rzutowanie231216", "Rzutowanie231216.csproj", "{2CED8C1E-29C1-4FE2-97BF-A19BC64AB39E}"
EndProject
Global
	GlobalSection(SolutionConfigurationPlatforms) = preSolution
		Debug|Any CPU = Debug|Any CPU
		Release|Any CPU = Release|Any CPU
	EndGlobalSection
	GlobalSection(ProjectConfigurationPlatforms) = postSolution
		{2CED8C1E-29C1-4FE2-97BF-A19BC64AB39E}.Debug|Any CPU.ActiveCfg = Debug|Any CPU
		{2CED8C1E-29C1-4FE2-97BF-A19BC64AB39E}.Debug|Any CPU.Build.0 = Debug|Any CPU
		{2CED8C1E-29C1-4FE2-97BF-A19BC64AB39E}.Release|Any CPU.ActiveCfg = Release|Any CPU
		{2CED8C1E-29C1-4FE2-97BF-A19BC64AB39E}.Release|Any CPU.Build.0 = Release|Any CPU
	EndGlobalSection
	GlobalSection(SolutionProperties) = preSolution
		HideSolutionNode = FALSE
	EndGlobalSection
	GlobalSection(ExtensibilityGlobals) = postSolution
		SolutionGuid = {865129F3-B174-474E-ABA2-25C756C48EEC}
	EndGlobalSection
EndGlobal
