
Microsoft Visual Studio Solution File, Format Version 12.00
# Visual Studio Version 17
VisualStudioVersion = 17.8.34316.72
MinimumVisualStudioVersion = 10.0.40219.1
Project("{FAE04EC0-301F-11D3-BF4B-00C04F79EFBC}") = "Test 231216", "Test 231216.csproj", "{A21ECA2C-4CC5-45AD-BF9B-960DB1FAFE83}"
EndProject
Global
	GlobalSection(SolutionConfigurationPlatforms) = preSolution
		Debug|Any CPU = Debug|Any CPU
		Release|Any CPU = Release|Any CPU
	EndGlobalSection
	GlobalSection(ProjectConfigurationPlatforms) = postSolution
		{A21ECA2C-4CC5-45AD-BF9B-960DB1FAFE83}.Debug|Any CPU.ActiveCfg = Debug|Any CPU
		{A21ECA2C-4CC5-45AD-BF9B-960DB1FAFE83}.Debug|Any CPU.Build.0 = Debug|Any CPU
		{A21ECA2C-4CC5-45AD-BF9B-960DB1FAFE83}.Release|Any CPU.ActiveCfg = Release|Any CPU
		{A21ECA2C-4CC5-45AD-BF9B-960DB1FAFE83}.Release|Any CPU.Build.0 = Release|Any CPU
	EndGlobalSection
	GlobalSection(SolutionProperties) = preSolution
		HideSolutionNode = FALSE
	EndGlobalSection
	GlobalSection(ExtensibilityGlobals) = postSolution
		SolutionGuid = {857F648F-4314-4BB5-8068-D48F349D9E62}
	EndGlobalSection
EndGlobal
